{
  "version": 4,
  "terraform_version": "0.12.16",
  "serial": 29,
  "lineage": "317924a3-b1c3-4f41-5bdf-828517ddafdf",
  "outputs": {},
  "resources": [
    {
      "mode": "managed",
      "type": "aws_instance",
      "name": "ec2_ansari",
      "provider": "provider.aws",
      "instances": [
        {
          "schema_version": 1,
          "attributes": {
            "ami": "ami-0dacb0c129b49f529",
            "arn": "arn:aws:ec2:us-east-2:391761776243:instance/i-08ba6b9e4d2c1c10c",
            "associate_public_ip_address": true,
            "availability_zone": "us-east-2c",
            "cpu_core_count": 1,
            "cpu_threads_per_core": 1,
            "credit_specification": [
              {
                "cpu_credits": "standard"
              }
            ],
            "disable_api_termination": false,
            "ebs_block_device": [],
            "ebs_optimized": false,
            "ephemeral_block_device": [],
            "get_password_data": false,
            "host_id": null,
            "iam_instance_profile": "",
            "id": "i-08ba6b9e4d2c1c10c",
            "instance_initiated_shutdown_behavior": null,
            "instance_state": "running",
            "instance_type": "t2.micro",
            "ipv6_address_count": 0,
            "ipv6_addresses": [],
            "key_name": "ansari-deployer-key",
            "monitoring": false,
            "network_interface": [],
            "network_interface_id": null,
            "password_data": "",
            "placement_group": "",
            "primary_network_interface_id": "eni-0b002a91ad98c317c",
            "private_dns": "ip-172-31-39-253.us-east-2.compute.internal",
            "private_ip": "172.31.39.253",
            "public_dns": "ec2-18-216-29-194.us-east-2.compute.amazonaws.com",
            "public_ip": "18.216.29.194",
            "root_block_device": [
              {
                "delete_on_termination": true,
                "encrypted": false,
                "iops": 100,
                "kms_key_id": "",
                "volume_id": "vol-00220265253c9a150",
                "volume_size": 8,
                "volume_type": "gp2"
              }
            ],
            "security_groups": [
              "ansari-sg"
            ],
            "source_dest_check": true,
            "subnet_id": "subnet-e812aca4",
            "tags": {
              "Name": "ansari-world"
            },
            "tenancy": "default",
            "timeouts": null,
            "user_data": null,
            "user_data_base64": null,
            "volume_tags": {},
            "vpc_security_group_ids": [
              "sg-0a7baa5c1c894ecdb"
            ]
          },
          "private": "eyJlMmJmYjczMC1lY2FhLTExZTYtOGY4OC0zNDM2M2JjN2M0YzAiOnsiY3JlYXRlIjo2MDAwMDAwMDAwMDAsImRlbGV0ZSI6MTIwMDAwMDAwMDAwMCwidXBkYXRlIjo2MDAwMDAwMDAwMDB9LCJzY2hlbWFfdmVyc2lvbiI6IjEifQ==",
          "dependencies": [
            "aws_key_pair.ansari-deployer",
            "aws_security_group.ansari-sg"
          ]
        }
      ]
    },
    {
      "mode": "managed",
      "type": "aws_key_pair",
      "name": "ansari-deployer",
      "provider": "provider.aws",
      "instances": [
        {
          "schema_version": 1,
          "attributes": {
            "fingerprint": "80:d4:a7:dc:fb:53:0e:47:e5:be:39:46:db:e3:eb:cb",
            "id": "ansari-deployer-key",
            "key_name": "ansari-deployer-key",
            "key_name_prefix": null,
            "public_key": "ssh-rsa AAAAB3NzaC1yc2EAAAADAQABAAABAQDkQg9XPzFiVc6U0hnZMUia3QEijQgku5U+vxvO3k6azMdpPLo4BnbVJDw0XTCiiw8SOjMM0T//dNdTNKpKNRCkSrS5YNdD3KMFkCXMiu3oGWcLha9X5gjPV3UsYuTNidRaaDKcQDBZ5qyXn+/8v8eTr3C4vESeVhahjD1Wndih0hBS6ZsqSyrmgLwqu59C2z8AELQGKRcKiHGm9u1EqEtf3YKdz9lm4oYFdewoxgi051p2XAq/2SY9dZHwEZc0aNL4Gm3hVIzLYIVqm0dfg7fG2R2e9c4Cn3slOYK75eRKwRcr+O3z8M9Kp0Ue7JHMUtdqkDoTwtnHBYFQziKsjdP3 ansaryem@gmail.com"
          },
          "private": "eyJzY2hlbWFfdmVyc2lvbiI6IjEifQ=="
        }
      ]
    },
    {
      "mode": "managed",
      "type": "aws_security_group",
      "name": "ansari-sg",
      "provider": "provider.aws",
      "instances": [
        {
          "schema_version": 1,
          "attributes": {
            "arn": "arn:aws:ec2:us-east-2:391761776243:security-group/sg-0a7baa5c1c894ecdb",
            "description": "Allow ssh inbound traffic",
            "egress": [
              {
                "cidr_blocks": [
                  "0.0.0.0/24"
                ],
                "description": "",
                "from_port": 22,
                "ipv6_cidr_blocks": [],
                "prefix_list_ids": [],
                "protocol": "tcp",
                "security_groups": [],
                "self": false,
                "to_port": 22
              }
            ],
            "id": "sg-0a7baa5c1c894ecdb",
            "ingress": [
              {
                "cidr_blocks": [
                  "0.0.0.0/24"
                ],
                "description": "",
                "from_port": 22,
                "ipv6_cidr_blocks": [],
                "prefix_list_ids": [],
                "protocol": "tcp",
                "security_groups": [],
                "self": false,
                "to_port": 22
              }
            ],
            "name": "ansari-sg",
            "name_prefix": null,
            "owner_id": "391761776243",
            "revoke_rules_on_delete": false,
            "tags": {},
            "timeouts": null,
            "vpc_id": "vpc-fe8f7f95"
          },
          "private": "eyJlMmJmYjczMC1lY2FhLTExZTYtOGY4OC0zNDM2M2JjN2M0YzAiOnsiY3JlYXRlIjo2MDAwMDAwMDAwMDAsImRlbGV0ZSI6NjAwMDAwMDAwMDAwfSwic2NoZW1hX3ZlcnNpb24iOiIxIn0="
        }
      ]
    }
  ]
}
